{
  "lockfile_version": "1",
  "packages": {
    "difftastic@0.69.0": {
      "last_modified": "2026-05-21T08:15:18Z",
      "resolved": "github:NixOS/nixpkgs/4a29d733e8a7d5b824c3d8c958a946a9867b3eb2#difftastic",
      "source": "devbox-search",
      "version": "0.69.0",
      "systems": {
        "aarch64-darwin": {
          "outputs": [
            {
              "name": "out",
              "path": "/nix/store/arbkpq6ww8pvrdv4748d38zkxw61583g-difftastic-0.69.0",
              "default": true
            }
          ],
          "store_path": "/nix/store/arbkpq6ww8pvrdv4748d38zkxw61583g-difftastic-0.69.0"
        },
        "aarch64-linux": {
          "outputs": [
            {
              "name": "out",
              "path": "/nix/store/6ipvl7bjfmpni3iqs33dp6wh6l6nq8k5-difftastic-0.69.0",
              "default": true
            }
          ],
          "store_path": "/nix/store/6ipvl7bjfmpni3iqs33dp6wh6l6nq8k5-difftastic-0.69.0"
        },
        "x86_64-darwin": {
          "outputs": [
            {
              "name": "out",
              "path": "/nix/store/sqhpb5bv6jbcza4mkvk9yp079c08jmga-difftastic-0.69.0",
              "default": true
            }
          ],
          "store_path": "/nix/store/sqhpb5bv6jbcza4mkvk9yp079c08jmga-difftastic-0.69.0"
        },
        "x86_64-linux": {
          "outputs": [
            {
              "name": "out",
              "path": "/nix/store/8dd6fb033djn93vi5a3x61fgwcawhcpa-difftastic-0.69.0",
              "default": true
            }
          ],
          "store_path": "/nix/store/8dd6fb033djn93vi5a3x61fgwcawhcpa-difftastic-0.69.0"
        }
      }
    },
    "editorconfig-checker@3.8.0": {
      "last_modified": "2026-06-29T11:10:55Z",
      "resolved": "github:NixOS/nixpkgs/9c4c05a947a91dc14625265fab505fb695e93218#editorconfig-checker",
      "source": "devbox-search",
      "version": "3.8.0",
      "systems": {
        "aarch64-darwin": {
          "outputs": [
            {
              "name": "out",
              "path": "/nix/store/rjhns65hrwxlh925p8z3rzj6fg77d3v3-editorconfig-checker-3.8.0",
              "default": true
            }
          ],
          "store_path": "/nix/store/rjhns65hrwxlh925p8z3rzj6fg77d3v3-editorconfig-checker-3.8.0"
        },
        "aarch64-linux": {
          "outputs": [
            {
              "name": "out",
              "path": "/nix/store/4g9fdal6hzfq48p5b4318wra3b6gad5g-editorconfig-checker-3.8.0",
              "default": true
            }
          ],
          "store_path": "/nix/store/4g9fdal6hzfq48p5b4318wra3b6gad5g-editorconfig-checker-3.8.0"
        },
        "x86_64-darwin": {
          "outputs": [
            {
              "name": "out",
              "path": "/nix/store/mfxaz7iaxqb5ipq71h60c819vx4b1ray-editorconfig-checker-3.8.0",
              "default": true
            }
          ],
          "store_path": "/nix/store/mfxaz7iaxqb5ipq71h60c819vx4b1ray-editorconfig-checker-3.8.0"
        },
        "x86_64-linux": {
          "outputs": [
            {
              "name": "out",
              "path": "/nix/store/x0hg00gynjv9m0i49rc1p9jsqfrww52w-editorconfig-checker-3.8.0",
              "default": true
            }
          ],
          "store_path": "/nix/store/x0hg00gynjv9m0i49rc1p9jsqfrww52w-editorconfig-checker-3.8.0"
        }
      }
    },
    "git@2.55.0": {
      "last_modified": "2026-08-01T16:34:20Z",
      "resolved": "github:NixOS/nixpkgs/a5cbcfe954791221bfffe2307f7d1a1bf61a871e#git",
      "source": "devbox-search",
      "version": "2.55.0",
      "systems": {
        "aarch64-darwin": {
          "outputs": [
            {
              "name": "out",
              "path": "/nix/store/rim5n939lwjc8mah63ld1q31i6n7bvf0-git-2.55.0",
              "default": true
            },
            {
              "name": "doc",
              "path": "/nix/store/y34pxb3x3h1gyvcfvanqlfjzm0c86cb4-git-2.55.0-doc"
            }
          ],
          "store_path": "/nix/store/rim5n939lwjc8mah63ld1q31i6n7bvf0-git-2.55.0"
        },
        "aarch64-linux": {
          "outputs": [
            {
              "name": "out",
              "path": "/nix/store/v2iradivx07xjqwk2q71i57pwxw6wh4g-git-2.55.0",
              "default": true
            },
            {
              "name": "debug",
              "path": "/nix/store/nsck4ncjjmdy8c5h83yw297c7xxv64xx-git-2.55.0-debug"
            },
            {
              "name": "doc",
              "path": "/nix/store/bz8bdi34lg4w10kxs9bm93658ary5rrz-git-2.55.0-doc"
            }
          ],
          "store_path": "/nix/store/v2iradivx07xjqwk2q71i57pwxw6wh4g-git-2.55.0"
        },
        "x86_64-linux": {
          "outputs": [
            {
              "name": "out",
              "path": "/nix/store/6f0qqak4qbcrbw4f750phr88c9yhpf5s-git-2.55.0",
              "default": true
            },
            {
              "name": "debug",
              "path": "/nix/store/rwiamhfaqkns90xsalafayg01afk3pza-git-2.55.0-debug"
            },
            {
              "name": "doc",
              "path": "/nix/store/bddpyi6cgkp3v8f58i900hymgfvkyag5-git-2.55.0-doc"
            }
          ],
          "store_path": "/nix/store/6f0qqak4qbcrbw4f750phr88c9yhpf5s-git-2.55.0"
        }
      }
    },
    "github:NixOS/nixpkgs/nixpkgs-unstable": {
      "last_modified": "2026-06-13T14:05:44Z",
      "resolved": "github:NixOS/nixpkgs/9f11f828c213641c2369a9f1fa31fe31557e3156?lastModified=1781359544&narHash=sha256-iUuzKQcyXvopYDDzFpMK5eQKP3WIJExYny2kJtbgUcE%3D"
    },
    "prettier@3.8.3": {
      "last_modified": "2026-06-06T12:12:42Z",
      "resolved": "github:NixOS/nixpkgs/cbb5cf358f50aa6acc9efd6113b7bcfbc352cd73#prettier",
      "source": "devbox-search",
      "version": "3.8.3",
      "systems": {
        "aarch64-darwin": {
          "outputs": [
            {
              "name": "out",
              "path": "/nix/store/j7d02spc9pgmjs8clk24ibgcsq3wrag9-prettier-3.8.3",
              "default": true
            }
          ],
          "store_path": "/nix/store/j7d02spc9pgmjs8clk24ibgcsq3wrag9-prettier-3.8.3"
        },
        "aarch64-linux": {
          "outputs": [
            {
              "name": "out",
              "path": "/nix/store/vkyvz6mlwyg52ck3jw66kfaq8204h7z0-prettier-3.8.3",
              "default": true
            }
          ],
          "store_path": "/nix/store/vkyvz6mlwyg52ck3jw66kfaq8204h7z0-prettier-3.8.3"
        },
        "x86_64-darwin": {
          "outputs": [
            {
              "name": "out",
              "path": "/nix/store/7xs60fj4amw9xah84n3fi7ijkm5s2am7-prettier-3.8.3",
              "default": true
            }
          ],
          "store_path": "/nix/store/7xs60fj4amw9xah84n3fi7ijkm5s2am7-prettier-3.8.3"
        },
        "x86_64-linux": {
          "outputs": [
            {
              "name": "out",
              "path": "/nix/store/w6w19mg4gh04v23v6igrkwgpxvpffvp4-prettier-3.8.3",
              "default": true
            }
          ],
          "store_path": "/nix/store/w6w19mg4gh04v23v6igrkwgpxvpffvp4-prettier-3.8.3"
        }
      }
    },
    "uv@0.12.1": {
      "last_modified": "2026-08-01T16:34:20Z",
      "resolved": "github:NixOS/nixpkgs/a5cbcfe954791221bfffe2307f7d1a1bf61a871e#uv",
      "source": "devbox-search",
      "version": "0.12.1",
      "systems": {
        "aarch64-darwin": {
          "outputs": [
            {
              "name": "out",
              "path": "/nix/store/hnmvqbh6zd1v0wss6q9ps8j1jp2pfkf0-uv-0.12.1",
              "default": true
            }
          ],
          "store_path": "/nix/store/hnmvqbh6zd1v0wss6q9ps8j1jp2pfkf0-uv-0.12.1"
        },
        "aarch64-linux": {
          "outputs": [
            {
              "name": "out",
              "path": "/nix/store/xn0b6fcg7zzifjjbpzi6bs57nbyjxqn1-uv-0.12.1",
              "default": true
            }
          ],
          "store_path": "/nix/store/xn0b6fcg7zzifjjbpzi6bs57nbyjxqn1-uv-0.12.1"
        },
        "x86_64-linux": {
          "outputs": [
            {
              "name": "out",
              "path": "/nix/store/6fgvwx21832s8ygpzm4x3i29p4ac8gxn-uv-0.12.1",
              "default": true
            }
          ],
          "store_path": "/nix/store/6fgvwx21832s8ygpzm4x3i29p4ac8gxn-uv-0.12.1"
        }
      }
    }
  }
}
