{
  "lockfile_version": "1",
  "packages": {
    "difftastic@0.69.0": {
      "last_modified": "2026-05-03T08:31:49Z",
      "resolved": "github:NixOS/nixpkgs/90c100cb48d61a0316b9479bb03f1be36d34b92a#difftastic",
      "source": "devbox-search",
      "version": "0.69.0",
      "systems": {
        "aarch64-darwin": {
          "outputs": [
            {
              "name": "out",
              "path": "/nix/store/bxzzf6zcakpl0nqlyaah0jlwbl3qcg9k-difftastic-0.69.0",
              "default": true
            }
          ],
          "store_path": "/nix/store/bxzzf6zcakpl0nqlyaah0jlwbl3qcg9k-difftastic-0.69.0"
        },
        "aarch64-linux": {
          "outputs": [
            {
              "name": "out",
              "path": "/nix/store/b2wila0m5fxh29hlx6cywli76gjmyh7b-difftastic-0.69.0",
              "default": true
            }
          ],
          "store_path": "/nix/store/b2wila0m5fxh29hlx6cywli76gjmyh7b-difftastic-0.69.0"
        },
        "x86_64-darwin": {
          "outputs": [
            {
              "name": "out",
              "path": "/nix/store/2lk7gq1cvs3d4xcl59drkvrhgrfkasb3-difftastic-0.69.0",
              "default": true
            }
          ],
          "store_path": "/nix/store/2lk7gq1cvs3d4xcl59drkvrhgrfkasb3-difftastic-0.69.0"
        },
        "x86_64-linux": {
          "outputs": [
            {
              "name": "out",
              "path": "/nix/store/7zy3g5fpghb2hykaqrpnzbbb43s02ss9-difftastic-0.69.0",
              "default": true
            }
          ],
          "store_path": "/nix/store/7zy3g5fpghb2hykaqrpnzbbb43s02ss9-difftastic-0.69.0"
        }
      }
    },
    "editorconfig-checker@3.6.1": {
      "last_modified": "2026-04-23T13:07:47Z",
      "resolved": "github:NixOS/nixpkgs/01fbdeef22b76df85ea168fbfe1bfd9e63681b30#editorconfig-checker",
      "source": "devbox-search",
      "version": "3.6.1",
      "systems": {
        "aarch64-darwin": {
          "outputs": [
            {
              "name": "out",
              "path": "/nix/store/bxfign43rcl1y7gpgpvj560y2iv1pjwf-editorconfig-checker-3.6.1",
              "default": true
            }
          ],
          "store_path": "/nix/store/bxfign43rcl1y7gpgpvj560y2iv1pjwf-editorconfig-checker-3.6.1"
        },
        "aarch64-linux": {
          "outputs": [
            {
              "name": "out",
              "path": "/nix/store/xrigknhx5q9lljcgzzzbhrf7rvmrkm49-editorconfig-checker-3.6.1",
              "default": true
            }
          ],
          "store_path": "/nix/store/xrigknhx5q9lljcgzzzbhrf7rvmrkm49-editorconfig-checker-3.6.1"
        },
        "x86_64-darwin": {
          "outputs": [
            {
              "name": "out",
              "path": "/nix/store/qib3pw0h7r8x83012vbl0hvzb7cwl7p3-editorconfig-checker-3.6.1",
              "default": true
            }
          ],
          "store_path": "/nix/store/qib3pw0h7r8x83012vbl0hvzb7cwl7p3-editorconfig-checker-3.6.1"
        },
        "x86_64-linux": {
          "outputs": [
            {
              "name": "out",
              "path": "/nix/store/jnibkmrf8px0j2vj4db17x57w16czax6-editorconfig-checker-3.6.1",
              "default": true
            }
          ],
          "store_path": "/nix/store/jnibkmrf8px0j2vj4db17x57w16czax6-editorconfig-checker-3.6.1"
        }
      }
    },
    "git@2.53.0": {
      "last_modified": "2026-05-15T18:21:44Z",
      "resolved": "github:NixOS/nixpkgs/d233902339c02a9c334e7e593de68855ad26c4cb#git",
      "source": "devbox-search",
      "version": "2.53.0",
      "systems": {
        "aarch64-darwin": {
          "outputs": [
            {
              "name": "out",
              "path": "/nix/store/5y6cp247hspkqa7pp6cbc4540ygx0249-git-2.53.0",
              "default": true
            },
            {
              "name": "doc",
              "path": "/nix/store/0kjpgj1grgba239ykdnv1cjc61xqk3aa-git-2.53.0-doc"
            }
          ],
          "store_path": "/nix/store/5y6cp247hspkqa7pp6cbc4540ygx0249-git-2.53.0"
        },
        "aarch64-linux": {
          "outputs": [
            {
              "name": "out",
              "path": "/nix/store/gx9r7g2kyrjhh0zhgxz91f5nbczxh1ac-git-2.53.0",
              "default": true
            },
            {
              "name": "debug",
              "path": "/nix/store/rc56a3l2wby94gk9gvirpwi9hv9v15gi-git-2.53.0-debug"
            },
            {
              "name": "doc",
              "path": "/nix/store/q8j5mwix1g75xyq025d3hmringklm52z-git-2.53.0-doc"
            }
          ],
          "store_path": "/nix/store/gx9r7g2kyrjhh0zhgxz91f5nbczxh1ac-git-2.53.0"
        },
        "x86_64-darwin": {
          "outputs": [
            {
              "name": "out",
              "path": "/nix/store/zar16r8w28c6qjdh3xqnkjcmvjjqwi77-git-2.53.0",
              "default": true
            },
            {
              "name": "doc",
              "path": "/nix/store/9jcm7zadfi5wsic3kizs4x71a8dqlj83-git-2.53.0-doc"
            }
          ],
          "store_path": "/nix/store/zar16r8w28c6qjdh3xqnkjcmvjjqwi77-git-2.53.0"
        },
        "x86_64-linux": {
          "outputs": [
            {
              "name": "out",
              "path": "/nix/store/c0277k5giric1mn9dklllavbzvxl6hzb-git-2.53.0",
              "default": true
            },
            {
              "name": "doc",
              "path": "/nix/store/vv1ap6qaxdzpa4jqg71myxh5wcvnlqv8-git-2.53.0-doc"
            },
            {
              "name": "debug",
              "path": "/nix/store/qyqya20z59d164d6692hlyb9pkq10ykk-git-2.53.0-debug"
            }
          ],
          "store_path": "/nix/store/c0277k5giric1mn9dklllavbzvxl6hzb-git-2.53.0"
        }
      }
    },
    "github:NixOS/nixpkgs/nixpkgs-unstable": {
      "last_modified": "2026-05-15T18:21:44Z",
      "resolved": "github:NixOS/nixpkgs/d233902339c02a9c334e7e593de68855ad26c4cb?lastModified=1778869304&narHash=sha256-30sZNZoA1cqF5JNO9fVX%2BwgiQYjB7HJqqJ4ztCDeBZE%3D"
    },
    "prettier@3.6.2": {
      "last_modified": "2026-05-11T00:16:55Z",
      "resolved": "github:NixOS/nixpkgs/c6e5ca3c836a5f4dd9af9f2c1fc1c38f0fac988a#prettier",
      "source": "devbox-search",
      "version": "3.6.2",
      "systems": {
        "aarch64-darwin": {
          "outputs": [
            {
              "name": "out",
              "path": "/nix/store/szq79p69f1ks5a55sdwsgh11gwvpyqcr-prettier-3.6.2",
              "default": true
            }
          ],
          "store_path": "/nix/store/szq79p69f1ks5a55sdwsgh11gwvpyqcr-prettier-3.6.2"
        },
        "aarch64-linux": {
          "outputs": [
            {
              "name": "out",
              "path": "/nix/store/wdc71x3ym2hbpdsvxmyzvnilirdil5c8-prettier-3.6.2",
              "default": true
            }
          ],
          "store_path": "/nix/store/wdc71x3ym2hbpdsvxmyzvnilirdil5c8-prettier-3.6.2"
        },
        "x86_64-darwin": {
          "outputs": [
            {
              "name": "out",
              "path": "/nix/store/jbzsiyl8z0kl51fj0nwyfpipjwgana1z-prettier-3.6.2",
              "default": true
            }
          ],
          "store_path": "/nix/store/jbzsiyl8z0kl51fj0nwyfpipjwgana1z-prettier-3.6.2"
        },
        "x86_64-linux": {
          "outputs": [
            {
              "name": "out",
              "path": "/nix/store/dyhx0gc483sn1apbzl3rvqj0ykf13wlp-prettier-3.6.2",
              "default": true
            }
          ],
          "store_path": "/nix/store/dyhx0gc483sn1apbzl3rvqj0ykf13wlp-prettier-3.6.2"
        }
      }
    },
    "uv@0.11.10": {
      "last_modified": "2026-05-06T02:58:03Z",
      "resolved": "github:NixOS/nixpkgs/ed67bc86e84e51d4a88e73c7fd36006dc876476f#uv",
      "source": "devbox-search",
      "version": "0.11.10",
      "systems": {
        "aarch64-darwin": {
          "outputs": [
            {
              "name": "out",
              "path": "/nix/store/qwfvprgk5wfayh4ijc543hnfaq75d3vw-uv-0.11.10",
              "default": true
            }
          ],
          "store_path": "/nix/store/qwfvprgk5wfayh4ijc543hnfaq75d3vw-uv-0.11.10"
        },
        "aarch64-linux": {
          "outputs": [
            {
              "name": "out",
              "path": "/nix/store/j3azs6q2k0x47lmb4j0145ks6mmp6v3p-uv-0.11.10",
              "default": true
            }
          ],
          "store_path": "/nix/store/j3azs6q2k0x47lmb4j0145ks6mmp6v3p-uv-0.11.10"
        },
        "x86_64-darwin": {
          "outputs": [
            {
              "name": "out",
              "path": "/nix/store/8nlc9vg73sd3552filxslpmw1jrq59c6-uv-0.11.10",
              "default": true
            }
          ],
          "store_path": "/nix/store/8nlc9vg73sd3552filxslpmw1jrq59c6-uv-0.11.10"
        },
        "x86_64-linux": {
          "outputs": [
            {
              "name": "out",
              "path": "/nix/store/k6k1r5fbi9kgq0vdliwx0vd9kzg8qas8-uv-0.11.10",
              "default": true
            }
          ],
          "store_path": "/nix/store/k6k1r5fbi9kgq0vdliwx0vd9kzg8qas8-uv-0.11.10"
        }
      }
    }
  }
}
