{
  "lockfile_version": "1",
  "packages": {
    "difftastic@0.67.0": {
      "last_modified": "2025-11-17T10:23:24Z",
      "resolved": "github:NixOS/nixpkgs/8b6600824693a9c706ef09bd86711ca393703466#difftastic",
      "source": "devbox-search",
      "version": "0.67.0",
      "systems": {
        "aarch64-darwin": {
          "outputs": [
            {
              "name": "out",
              "path": "/nix/store/0rbwby2x89nbakdbwna529kg846ljmj1-difftastic-0.67.0",
              "default": true
            }
          ],
          "store_path": "/nix/store/0rbwby2x89nbakdbwna529kg846ljmj1-difftastic-0.67.0"
        },
        "aarch64-linux": {
          "outputs": [
            {
              "name": "out",
              "path": "/nix/store/yp75xylpmp00d229wqlc6y18shk6vz90-difftastic-0.67.0",
              "default": true
            }
          ],
          "store_path": "/nix/store/yp75xylpmp00d229wqlc6y18shk6vz90-difftastic-0.67.0"
        },
        "x86_64-darwin": {
          "outputs": [
            {
              "name": "out",
              "path": "/nix/store/mfzaabw1hrsa9g7a0pa0ijvcs5gm0as2-difftastic-0.67.0",
              "default": true
            }
          ],
          "store_path": "/nix/store/mfzaabw1hrsa9g7a0pa0ijvcs5gm0as2-difftastic-0.67.0"
        },
        "x86_64-linux": {
          "outputs": [
            {
              "name": "out",
              "path": "/nix/store/2dvn2hknnb37yxmay68i4sckkcf6x501-difftastic-0.67.0",
              "default": true
            }
          ],
          "store_path": "/nix/store/2dvn2hknnb37yxmay68i4sckkcf6x501-difftastic-0.67.0"
        }
      }
    },
    "editorconfig-checker@3.6.0": {
      "last_modified": "2025-11-26T14:39:26Z",
      "resolved": "github:NixOS/nixpkgs/5c46f3bd98147c8d82366df95bbef2cab3a967ea#editorconfig-checker",
      "source": "devbox-search",
      "version": "3.6.0",
      "systems": {
        "aarch64-darwin": {
          "outputs": [
            {
              "name": "out",
              "path": "/nix/store/8dz16hb8gdd94qjsh7mmll00vxdffz76-editorconfig-checker-3.6.0",
              "default": true
            }
          ],
          "store_path": "/nix/store/8dz16hb8gdd94qjsh7mmll00vxdffz76-editorconfig-checker-3.6.0"
        },
        "aarch64-linux": {
          "outputs": [
            {
              "name": "out",
              "path": "/nix/store/lv8m9xgjfplr4asrcyk6k5allrl6lzli-editorconfig-checker-3.6.0",
              "default": true
            }
          ],
          "store_path": "/nix/store/lv8m9xgjfplr4asrcyk6k5allrl6lzli-editorconfig-checker-3.6.0"
        },
        "x86_64-darwin": {
          "outputs": [
            {
              "name": "out",
              "path": "/nix/store/z3mbs8ab3470px9gmdq48g4qhsfl8cr7-editorconfig-checker-3.6.0",
              "default": true
            }
          ],
          "store_path": "/nix/store/z3mbs8ab3470px9gmdq48g4qhsfl8cr7-editorconfig-checker-3.6.0"
        },
        "x86_64-linux": {
          "outputs": [
            {
              "name": "out",
              "path": "/nix/store/6j5kvpgbygjz0l32nscjj6l7zglf4r1d-editorconfig-checker-3.6.0",
              "default": true
            }
          ],
          "store_path": "/nix/store/6j5kvpgbygjz0l32nscjj6l7zglf4r1d-editorconfig-checker-3.6.0"
        }
      }
    },
    "git@2.52.0": {
      "last_modified": "2026-01-01T04:40:00Z",
      "resolved": "github:NixOS/nixpkgs/c04833a1e584401bb63c1a63ddc51a71e6aa457a#git",
      "source": "devbox-search",
      "version": "2.52.0",
      "systems": {
        "aarch64-darwin": {
          "outputs": [
            {
              "name": "out",
              "path": "/nix/store/1xy62wrp3m91snd3cazxgg0yrplb6sav-git-2.52.0",
              "default": true
            },
            {
              "name": "doc",
              "path": "/nix/store/1518yqnr4z0p65jfv8skw2qwc30ad5la-git-2.52.0-doc"
            }
          ],
          "store_path": "/nix/store/1xy62wrp3m91snd3cazxgg0yrplb6sav-git-2.52.0"
        },
        "aarch64-linux": {
          "outputs": [
            {
              "name": "out",
              "path": "/nix/store/mfbr42w740arf759n51nhki221lang5z-git-2.52.0",
              "default": true
            },
            {
              "name": "doc",
              "path": "/nix/store/lm1plgvh8qlv0amm8wiz8l00ky298hws-git-2.52.0-doc"
            },
            {
              "name": "debug",
              "path": "/nix/store/q0lq2fczq1y9q9028k4ripf38mfy3n42-git-2.52.0-debug"
            }
          ],
          "store_path": "/nix/store/mfbr42w740arf759n51nhki221lang5z-git-2.52.0"
        },
        "x86_64-darwin": {
          "outputs": [
            {
              "name": "out",
              "path": "/nix/store/0lxp1s4hb0xb0di1a5jg08rr8hk0cvz8-git-2.52.0",
              "default": true
            },
            {
              "name": "doc",
              "path": "/nix/store/a9903b6q3clvx61l8drkpr262fb5qmik-git-2.52.0-doc"
            }
          ],
          "store_path": "/nix/store/0lxp1s4hb0xb0di1a5jg08rr8hk0cvz8-git-2.52.0"
        },
        "x86_64-linux": {
          "outputs": [
            {
              "name": "out",
              "path": "/nix/store/fryiyyhhilpqhx2wc4b6l5gnxc8w18rg-git-2.52.0",
              "default": true
            },
            {
              "name": "debug",
              "path": "/nix/store/q6m51s4q8kddlh9b9rb63v1yqvlv3xgp-git-2.52.0-debug"
            },
            {
              "name": "doc",
              "path": "/nix/store/n4zq81winwf8d5y2ra7fjznwl6cnhggz-git-2.52.0-doc"
            }
          ],
          "store_path": "/nix/store/fryiyyhhilpqhx2wc4b6l5gnxc8w18rg-git-2.52.0"
        }
      }
    },
    "github:NixOS/nixpkgs/nixpkgs-unstable": {
      "last_modified": "2025-07-02T23:15:33Z",
      "resolved": "github:NixOS/nixpkgs/d55716bb59b91ae9d1ced4b1ccdea7a442ecbfdb?lastModified=1751498133&narHash=sha256-QWJ%2BNQbMU%2BNcU2xiyo7SNox1fAuwksGlQhpzBl76g1I%3D"
    },
    "nodePackages.prettier@3.3.3": {
      "last_modified": "2025-02-07T11:26:36Z",
      "resolved": "github:NixOS/nixpkgs/d98abf5cf5914e5e4e9d57205e3af55ca90ffc1d#nodePackages.prettier",
      "source": "devbox-search",
      "version": "3.3.3",
      "systems": {
        "aarch64-darwin": {
          "outputs": [
            {
              "name": "out",
              "path": "/nix/store/3yg95j4dsk5ixvkz25f9i51v4qzl4zaa-prettier-3.3.3",
              "default": true
            }
          ],
          "store_path": "/nix/store/3yg95j4dsk5ixvkz25f9i51v4qzl4zaa-prettier-3.3.3"
        },
        "aarch64-linux": {
          "outputs": [
            {
              "name": "out",
              "path": "/nix/store/bivxn9w6ky9wycsiqlbnlvrx2dxs7srw-prettier-3.3.3",
              "default": true
            }
          ],
          "store_path": "/nix/store/bivxn9w6ky9wycsiqlbnlvrx2dxs7srw-prettier-3.3.3"
        },
        "x86_64-darwin": {
          "outputs": [
            {
              "name": "out",
              "path": "/nix/store/ll69avhgbgmkj5j0jfwilmv7kx3p733j-prettier-3.3.3",
              "default": true
            }
          ],
          "store_path": "/nix/store/ll69avhgbgmkj5j0jfwilmv7kx3p733j-prettier-3.3.3"
        },
        "x86_64-linux": {
          "outputs": [
            {
              "name": "out",
              "path": "/nix/store/5d67xq6c3laix89h43n8pqng2vixiaik-prettier-3.3.3",
              "default": true
            }
          ],
          "store_path": "/nix/store/5d67xq6c3laix89h43n8pqng2vixiaik-prettier-3.3.3"
        }
      }
    },
    "uv@0.9.21": {
      "last_modified": "2025-12-31T03:27:36Z",
      "resolved": "github:NixOS/nixpkgs/f665af0cdb70ed27e1bd8f9fdfecaf451260fc55#uv",
      "source": "devbox-search",
      "version": "0.9.21",
      "systems": {
        "aarch64-darwin": {
          "outputs": [
            {
              "name": "out",
              "path": "/nix/store/f7qmd0jhxw9m9i5am3rxc6y4ljkj58r5-uv-0.9.21",
              "default": true
            }
          ],
          "store_path": "/nix/store/f7qmd0jhxw9m9i5am3rxc6y4ljkj58r5-uv-0.9.21"
        },
        "aarch64-linux": {
          "outputs": [
            {
              "name": "out",
              "path": "/nix/store/ll06g1lm2mwimw81pnji07lghddiqj37-uv-0.9.21",
              "default": true
            }
          ],
          "store_path": "/nix/store/ll06g1lm2mwimw81pnji07lghddiqj37-uv-0.9.21"
        },
        "x86_64-darwin": {
          "outputs": [
            {
              "name": "out",
              "path": "/nix/store/id71j7ihvnf07wsm82jc0haj1h0xm2g5-uv-0.9.21",
              "default": true
            }
          ],
          "store_path": "/nix/store/id71j7ihvnf07wsm82jc0haj1h0xm2g5-uv-0.9.21"
        },
        "x86_64-linux": {
          "outputs": [
            {
              "name": "out",
              "path": "/nix/store/5j3bymd4h91y87ayzyiz2rlrxfxm0pip-uv-0.9.21",
              "default": true
            }
          ],
          "store_path": "/nix/store/5j3bymd4h91y87ayzyiz2rlrxfxm0pip-uv-0.9.21"
        }
      }
    }
  }
}
