{
  "nodes": {
    "dunamai": {
      "flake": false,
      "locked": {
        "lastModified": 1635683579,
        "narHash": "sha256-ocPkklKJTIT9YizQ4HwDv/r+9G+/XPxMYAgf9DuzDto=",
        "owner": "mtkennerly",
        "repo": "dunamai",
        "rev": "3e2173eb42a5a342cb25276d81624fcd054d9d30",
        "type": "github"
      },
      "original": {
        "owner": "mtkennerly",
        "repo": "dunamai",
        "type": "github"
      }
    },
    "flake-utils": {
      "locked": {
        "lastModified": 1634851050,
        "narHash": "sha256-N83GlSGPJJdcqhUxSCS/WwW5pksYf3VP1M13cDRTSVA=",
        "owner": "numtide",
        "repo": "flake-utils",
        "rev": "c91f3de5adaf1de973b797ef7485e441a65b8935",
        "type": "github"
      },
      "original": {
        "owner": "numtide",
        "repo": "flake-utils",
        "type": "github"
      }
    },
    "iteration-utilities": {
      "flake": false,
      "locked": {
        "lastModified": 1607362985,
        "narHash": "sha256-1r9sCSV609hgQ0IDHnLL7ybeRLeZYMu5iXq3ipB8TdY=",
        "owner": "MSeifert04",
        "repo": "iteration_utilities",
        "rev": "05e81f80026f2138952bd1a410bc715c89d7ab04",
        "type": "github"
      },
      "original": {
        "owner": "MSeifert04",
        "repo": "iteration_utilities",
        "type": "github"
      }
    },
    "jinja2": {
      "flake": false,
      "locked": {
        "lastModified": 1633395276,
        "narHash": "sha256-wIP5GuLgrOIFCliOjTMSjU3HCSt6t+TBaxn/7x0rePM=",
        "owner": "pallets",
        "repo": "jinja2",
        "rev": "f20a9c9ccbbfae312581ca9e740dcbecc218fad0",
        "type": "github"
      },
      "original": {
        "owner": "pallets",
        "repo": "jinja2",
        "type": "github"
      }
    },
    "jinja2-ansible-filters": {
      "flake": false,
      "locked": {
        "lastModified": 1586868174,
        "narHash": "sha256-ghQIgrGl8lolA5zdw2809f50OpMvOqOuNRH7kqBXND8=",
        "ref": "master",
        "rev": "9bc8fcc3950008bee9ebc06d0aae801f84437e2a",
        "revCount": 39,
        "type": "git",
        "url": "https://gitlab.com/dreamer-labs/libraries/jinja2-ansible-filters"
      },
      "original": {
        "type": "git",
        "url": "https://gitlab.com/dreamer-labs/libraries/jinja2-ansible-filters"
      }
    },
    "nixpkgs": {
      "locked": {
        "lastModified": 1635776686,
        "narHash": "sha256-NMN30hR7opRCGLI4NSuGSul4/ivZ3PoKDKhMSdLXdgQ=",
        "owner": "NixOS",
        "repo": "nixpkgs",
        "rev": "edebe874a4f0a6ea0c6eb8e80e1e0e173f59e692",
        "type": "github"
      },
      "original": {
        "owner": "NixOS",
        "repo": "nixpkgs",
        "type": "github"
      }
    },
    "plumbum": {
      "flake": false,
      "locked": {
        "lastModified": 1612813564,
        "narHash": "sha256-ATEInozJTmzNbLDDjiWMnA5IgVBG2hmKVyw/vsiPiu4=",
        "owner": "tomerfiliba",
        "repo": "plumbum",
        "rev": "4ba32fef6a099c3c9655c3bbd96a43ffb964abb0",
        "type": "github"
      },
      "original": {
        "owner": "tomerfiliba",
        "ref": "v1.7.0",
        "repo": "plumbum",
        "type": "github"
      }
    },
    "poetry-dynamic-versioning": {
      "flake": false,
      "locked": {
        "lastModified": 1628535348,
        "narHash": "sha256-xLodh4WTJjJPW75rWJ/CSybh85KEq0iLrB6wP3ya8g8=",
        "owner": "mtkennerly",
        "repo": "poetry-dynamic-versioning",
        "rev": "652173383453ad9e15e270419ac0e63fcd221412",
        "type": "github"
      },
      "original": {
        "owner": "mtkennerly",
        "repo": "poetry-dynamic-versioning",
        "type": "github"
      }
    },
    "pyyaml-include": {
      "flake": false,
      "locked": {
        "lastModified": 1614417015,
        "narHash": "sha256-YvX3eWytH0SLap1u2cnbq7C1FPWuBVsYnF4xL1s1ekA=",
        "owner": "tanbro",
        "repo": "pyyaml-include",
        "rev": "f26308af5b6e2e14d39a72807ba4f14d7fad7964",
        "type": "github"
      },
      "original": {
        "owner": "tanbro",
        "repo": "pyyaml-include",
        "type": "github"
      }
    },
    "root": {
      "inputs": {
        "dunamai": "dunamai",
        "flake-utils": "flake-utils",
        "iteration-utilities": "iteration-utilities",
        "jinja2": "jinja2",
        "jinja2-ansible-filters": "jinja2-ansible-filters",
        "nixpkgs": "nixpkgs",
        "plumbum": "plumbum",
        "poetry-dynamic-versioning": "poetry-dynamic-versioning",
        "pyyaml-include": "pyyaml-include"
      }
    }
  },
  "root": "root",
  "version": 7
}
